
Microsoft Visual Studio Solution File, Format Version 12.00
# Visual Studio Version 17
VisualStudioVersion = 17.8.34330.188
MinimumVisualStudioVersion = 10.0.40219.1
Project("{FAE04EC0-301F-11D3-BF4B-00C04F79EFBC}") = "AutoSetupOnNewInstall", "AutoSetupOnNewInstall.csproj", "{B045486E-9BAE-45F0-90A6-604E0ADE0EE8}"
EndProject
Global
	GlobalSection(SolutionConfigurationPlatforms) = preSolution
		Debug|Any CPU = Debug|Any CPU
		Release|Any CPU = Release|Any CPU
	EndGlobalSection
	GlobalSection(ProjectConfigurationPlatforms) = postSolution
		{B045486E-9BAE-45F0-90A6-604E0ADE0EE8}.Debug|Any CPU.ActiveCfg = Debug|Any CPU
		{B045486E-9BAE-45F0-90A6-604E0ADE0EE8}.Debug|Any CPU.Build.0 = Debug|Any CPU
		{B045486E-9BAE-45F0-90A6-604E0ADE0EE8}.Release|Any CPU.ActiveCfg = Release|Any CPU
		{B045486E-9BAE-45F0-90A6-604E0ADE0EE8}.Release|Any CPU.Build.0 = Release|Any CPU
	EndGlobalSection
	GlobalSection(SolutionProperties) = preSolution
		HideSolutionNode = FALSE
	EndGlobalSection
	GlobalSection(ExtensibilityGlobals) = postSolution
		SolutionGuid = {3B61F693-AE65-4403-8FD5-9472E4202EF0}
	EndGlobalSection
EndGlobal
